// !$*UTF8*$!
{
	archiveVersion = 1;
	classes = {
	};
	objectVersion = 55;
	objects = {

/* Begin PBXBuildFile section */
		EB0BDAA32830A074003A9CD7 /* Alamofire in Frameworks */ = {isa = PBXBuildFile; productRef = EB0BDAA22830A074003A9CD7 /* Alamofire */; };
		EB0BDAA62830A12E003A9CD7 /* APIConstants.swift in Sources */ = {isa = PBXBuildFile; fileRef = EB0BDAA52830A12E003A9CD7 /* APIConstants.swift */; };
		EB0BDAA82830A172003A9CD7 /* NetworkResult.swift in Sources */ = {isa = PBXBuildFile; fileRef = EB0BDAA72830A172003A9CD7 /* NetworkResult.swift */; };
		EB0BDAAB2830A1D2003A9CD7 /* AuthAPI.swift in Sources */ = {isa = PBXBuildFile; fileRef = EB0BDAAA2830A1D2003A9CD7 /* AuthAPI.swift */; };
		EB0BDAAD2830A35C003A9CD7 /* GenericResponse.swift in Sources */ = {isa = PBXBuildFile; fileRef = EB0BDAAC2830A35C003A9CD7 /* GenericResponse.swift */; };
		EB0C3AE827FFDCB9009ACE52 /* LoginUseCase.swift in Sources */ = {isa = PBXBuildFile; fileRef = EB0C3AE727FFDCB9009ACE52 /* LoginUseCase.swift */; };
		EB0C3AEB2800111C009ACE52 /* WelcomeVC.swift in Sources */ = {isa = PBXBuildFile; fileRef = EB0C3AEA2800111C009ACE52 /* WelcomeVC.swift */; };
		EB0C3AED2800112F009ACE52 /* WelcomeViewModel.swift in Sources */ = {isa = PBXBuildFile; fileRef = EB0C3AEC2800112F009ACE52 /* WelcomeViewModel.swift */; };
		EB0C3AF1280063E3009ACE52 /* User.swift in Sources */ = {isa = PBXBuildFile; fileRef = EB0C3AF0280063E2009ACE52 /* User.swift */; };
		EB0C3AF3280094A0009ACE52 /* BaseNVC.swift in Sources */ = {isa = PBXBuildFile; fileRef = EB0C3AF2280094A0009ACE52 /* BaseNVC.swift */; };
		EB0C3AF528009A10009ACE52 /* UsernameUseCase.swift in Sources */ = {isa = PBXBuildFile; fileRef = EB0C3AF428009A10009ACE52 /* UsernameUseCase.swift */; };
		EB0C3AF728009A18009ACE52 /* PasswordUseCase.swift in Sources */ = {isa = PBXBuildFile; fileRef = EB0C3AF628009A18009ACE52 /* PasswordUseCase.swift */; };
		EB0C3AF928009A20009ACE52 /* WelcomeUseCase.swift in Sources */ = {isa = PBXBuildFile; fileRef = EB0C3AF828009A20009ACE52 /* WelcomeUseCase.swift */; };
		EB0FE3C62801E044005D6DBA /* UIStackView+.swift in Sources */ = {isa = PBXBuildFile; fileRef = EB0FE3C52801E044005D6DBA /* UIStackView+.swift */; };
		EB0FE3C82801E0A9005D6DBA /* UITextField+.swift in Sources */ = {isa = PBXBuildFile; fileRef = EB0FE3C72801E0A9005D6DBA /* UITextField+.swift */; };
		EB0FE3CA2801E83B005D6DBA /* UILabel+.swift in Sources */ = {isa = PBXBuildFile; fileRef = EB0FE3C92801E83B005D6DBA /* UILabel+.swift */; };
		EB0FE3D428048D49005D6DBA /* Reactive+.swift in Sources */ = {isa = PBXBuildFile; fileRef = EB0FE3D328048D49005D6DBA /* Reactive+.swift */; };
		EB67C6A0281285300041DCFD /* HomeVC.swift in Sources */ = {isa = PBXBuildFile; fileRef = EB67C69F281285300041DCFD /* HomeVC.swift */; };
		EB67C6A2281285370041DCFD /* SearchVC.swift in Sources */ = {isa = PBXBuildFile; fileRef = EB67C6A1281285370041DCFD /* SearchVC.swift */; };
		EB67C6A42812853D0041DCFD /* ReelsVC.swift in Sources */ = {isa = PBXBuildFile; fileRef = EB67C6A32812853D0041DCFD /* ReelsVC.swift */; };
		EB67C6A6281285420041DCFD /* ShopVC.swift in Sources */ = {isa = PBXBuildFile; fileRef = EB67C6A5281285420041DCFD /* ShopVC.swift */; };
		EB67C6A82812854A0041DCFD /* ProfileVC.swift in Sources */ = {isa = PBXBuildFile; fileRef = EB67C6A72812854A0041DCFD /* ProfileVC.swift */; };
		EB7FB43627F81F1100675CED /* AppDelegate.swift in Sources */ = {isa = PBXBuildFile; fileRef = EB7FB43527F81F1100675CED /* AppDelegate.swift */; };
		EB7FB43827F81F1100675CED /* SceneDelegate.swift in Sources */ = {isa = PBXBuildFile; fileRef = EB7FB43727F81F1100675CED /* SceneDelegate.swift */; };
		EB7FB43F27F81F1200675CED /* Assets.xcassets in Resources */ = {isa = PBXBuildFile; fileRef = EB7FB43E27F81F1200675CED /* Assets.xcassets */; };
		EB7FB44227F81F1200675CED /* LaunchScreen.storyboard in Resources */ = {isa = PBXBuildFile; fileRef = EB7FB44027F81F1200675CED /* LaunchScreen.storyboard */; };
		EB9A3C6C28127EC7009DA924 /* MainTBC.swift in Sources */ = {isa = PBXBuildFile; fileRef = EB9A3C6B28127EC7009DA924 /* MainTBC.swift */; };
		EBB25FC628311FA5001416D8 /* BaseAPI.swift in Sources */ = {isa = PBXBuildFile; fileRef = EBB25FC528311FA5001416D8 /* BaseAPI.swift */; };
		EBB25FC92831205A001416D8 /* HeaderType.swift in Sources */ = {isa = PBXBuildFile; fileRef = EBB25FC82831205A001416D8 /* HeaderType.swift */; };
		EBB25FCB28312199001416D8 /* TargetType.swift in Sources */ = {isa = PBXBuildFile; fileRef = EBB25FCA28312199001416D8 /* TargetType.swift */; };
		EBB25FCD28312204001416D8 /* BaseTargetType.swift in Sources */ = {isa = PBXBuildFile; fileRef = EBB25FCC28312204001416D8 /* BaseTargetType.swift */; };
		EBB25FD028312268001416D8 /* AuthService.swift in Sources */ = {isa = PBXBuildFile; fileRef = EBB25FCF28312268001416D8 /* AuthService.swift */; };
		EBB2605228328A61001416D8 /* SignIn.swift in Sources */ = {isa = PBXBuildFile; fileRef = EBB2605128328A61001416D8 /* SignIn.swift */; };
		EBB2605428328A66001416D8 /* SignUp.swift in Sources */ = {isa = PBXBuildFile; fileRef = EBB2605328328A65001416D8 /* SignUp.swift */; };
		EBC07DFD2825181F002C3501 /* ViewModelType.swift in Sources */ = {isa = PBXBuildFile; fileRef = EBC07DFC2825181F002C3501 /* ViewModelType.swift */; };
		EBC07DFF28251837002C3501 /* UITableViewRegisterable.swift in Sources */ = {isa = PBXBuildFile; fileRef = EBC07DFE28251837002C3501 /* UITableViewRegisterable.swift */; };
		EBC07E0128251889002C3501 /* getClassName.swift in Sources */ = {isa = PBXBuildFile; fileRef = EBC07E0028251889002C3501 /* getClassName.swift */; };
		EBC07E03282518DA002C3501 /* UICollectionViewRegisterable.swift in Sources */ = {isa = PBXBuildFile; fileRef = EBC07E02282518DA002C3501 /* UICollectionViewRegisterable.swift */; };
		EBC07E0728251C64002C3501 /* HomeViewModel.swift in Sources */ = {isa = PBXBuildFile; fileRef = EBC07E0628251C64002C3501 /* HomeViewModel.swift */; };
		EBC07E0928251CD6002C3501 /* StoryCVC.swift in Sources */ = {isa = PBXBuildFile; fileRef = EBC07E0828251CD6002C3501 /* StoryCVC.swift */; };
		EBC07E0B28251CEA002C3501 /* SotryListTVC.swift in Sources */ = {isa = PBXBuildFile; fileRef = EBC07E0A28251CEA002C3501 /* SotryListTVC.swift */; };
		EBC07E0D28251D31002C3501 /* HomePostTVC.swift in Sources */ = {isa = PBXBuildFile; fileRef = EBC07E0C28251D30002C3501 /* HomePostTVC.swift */; };
		EBC07E10282527B5002C3501 /* HomeData.swift in Sources */ = {isa = PBXBuildFile; fileRef = EBC07E0F282527B5002C3501 /* HomeData.swift */; };
		EBC07E1228252981002C3501 /* HomeStoryData.swift in Sources */ = {isa = PBXBuildFile; fileRef = EBC07E1128252981002C3501 /* HomeStoryData.swift */; };
		EBC07E1428252986002C3501 /* HomePostData.swift in Sources */ = {isa = PBXBuildFile; fileRef = EBC07E1328252986002C3501 /* HomePostData.swift */; };
		EBC186FB27FF7B37007016F0 /* BaseVC.swift in Sources */ = {isa = PBXBuildFile; fileRef = EBC186FA27FF7B37007016F0 /* BaseVC.swift */; };
		EBC186FD27FF7FA9007016F0 /* LoginVC.swift in Sources */ = {isa = PBXBuildFile; fileRef = EBC186FC27FF7FA9007016F0 /* LoginVC.swift */; };
		EBC1870227FF8505007016F0 /* LoginViewModel.swift in Sources */ = {isa = PBXBuildFile; fileRef = EBC1870127FF8505007016F0 /* LoginViewModel.swift */; };
		EBC1870427FF8665007016F0 /* UIView+.swift in Sources */ = {isa = PBXBuildFile; fileRef = EBC1870327FF8665007016F0 /* UIView+.swift */; };
		EBC1870727FF8783007016F0 /* ModuleFactory.swift in Sources */ = {isa = PBXBuildFile; fileRef = EBC1870627FF8783007016F0 /* ModuleFactory.swift */; };
		EBC1870A27FF8E2E007016F0 /* ImageLiterals.swift in Sources */ = {isa = PBXBuildFile; fileRef = EBC1870927FF8E2E007016F0 /* ImageLiterals.swift */; };
		EBC1870C27FF8F4C007016F0 /* UsernameVC.swift in Sources */ = {isa = PBXBuildFile; fileRef = EBC1870B27FF8F4C007016F0 /* UsernameVC.swift */; };
		EBC1870E27FF8F53007016F0 /* UsernameViewModel.swift in Sources */ = {isa = PBXBuildFile; fileRef = EBC1870D27FF8F53007016F0 /* UsernameViewModel.swift */; };
		EBC1871027FF8F5D007016F0 /* PasswordVC.swift in Sources */ = {isa = PBXBuildFile; fileRef = EBC1870F27FF8F5D007016F0 /* PasswordVC.swift */; };
		EBC1871227FF8F64007016F0 /* PasswordViewModel.swift in Sources */ = {isa = PBXBuildFile; fileRef = EBC1871127FF8F64007016F0 /* PasswordViewModel.swift */; };
		EBC1871A27FF9128007016F0 /* AuthButton.swift in Sources */ = {isa = PBXBuildFile; fileRef = EBC1871927FF9128007016F0 /* AuthButton.swift */; };
		EBC1871C27FF9130007016F0 /* AuthTextField.swift in Sources */ = {isa = PBXBuildFile; fileRef = EBC1871B27FF9130007016F0 /* AuthTextField.swift */; };
		EBE155A4282578F400F25038 /* CustomNavigationBar.swift in Sources */ = {isa = PBXBuildFile; fileRef = EBE155A3282578F400F25038 /* CustomNavigationBar.swift */; };
		EBFEA38727FF736C003FADB7 /* RxCocoa in Frameworks */ = {isa = PBXBuildFile; productRef = EBFEA38627FF736C003FADB7 /* RxCocoa */; };
		EBFEA38927FF736C003FADB7 /* RxRelay in Frameworks */ = {isa = PBXBuildFile; productRef = EBFEA38827FF736C003FADB7 /* RxRelay */; };
		EBFEA38B27FF736C003FADB7 /* RxSwift in Frameworks */ = {isa = PBXBuildFile; productRef = EBFEA38A27FF736C003FADB7 /* RxSwift */; };
		EBFEA38E27FF737A003FADB7 /* SnapKit in Frameworks */ = {isa = PBXBuildFile; productRef = EBFEA38D27FF737A003FADB7 /* SnapKit */; };
/* End PBXBuildFile section */

/* Begin PBXFileReference section */
		EB0BDAA52830A12E003A9CD7 /* APIConstants.swift */ = {isa = PBXFileReference; lastKnownFileType = sourcecode.swift; path = APIConstants.swift; sourceTree = "<group>"; };
		EB0BDAA72830A172003A9CD7 /* NetworkResult.swift */ = {isa = PBXFileReference; lastKnownFileType = sourcecode.swift; path = NetworkResult.swift; sourceTree = "<group>"; };
		EB0BDAAA2830A1D2003A9CD7 /* AuthAPI.swift */ = {isa = PBXFileReference; lastKnownFileType = sourcecode.swift; path = AuthAPI.swift; sourceTree = "<group>"; };
		EB0BDAAC2830A35C003A9CD7 /* GenericResponse.swift */ = {isa = PBXFileReference; lastKnownFileType = sourcecode.swift; path = GenericResponse.swift; sourceTree = "<group>"; };
		EB0C3AE727FFDCB9009ACE52 /* LoginUseCase.swift */ = {isa = PBXFileReference; lastKnownFileType = sourcecode.swift; path = LoginUseCase.swift; sourceTree = "<group>"; };
		EB0C3AEA2800111C009ACE52 /* WelcomeVC.swift */ = {isa = PBXFileReference; lastKnownFileType = sourcecode.swift; path = WelcomeVC.swift; sourceTree = "<group>"; };
		EB0C3AEC2800112F009ACE52 /* WelcomeViewModel.swift */ = {isa = PBXFileReference; lastKnownFileType = sourcecode.swift; path = WelcomeViewModel.swift; sourceTree = "<group>"; };
		EB0C3AF0280063E2009ACE52 /* User.swift */ = {isa = PBXFileReference; lastKnownFileType = sourcecode.swift; path = User.swift; sourceTree = "<group>"; };
		EB0C3AF2280094A0009ACE52 /* BaseNVC.swift */ = {isa = PBXFileReference; lastKnownFileType = sourcecode.swift; path = BaseNVC.swift; sourceTree = "<group>"; };
		EB0C3AF428009A10009ACE52 /* UsernameUseCase.swift */ = {isa = PBXFileReference; lastKnownFileType = sourcecode.swift; path = UsernameUseCase.swift; sourceTree = "<group>"; };
		EB0C3AF628009A18009ACE52 /* PasswordUseCase.swift */ = {isa = PBXFileReference; lastKnownFileType = sourcecode.swift; path = PasswordUseCase.swift; sourceTree = "<group>"; };
		EB0C3AF828009A20009ACE52 /* WelcomeUseCase.swift */ = {isa = PBXFileReference; lastKnownFileType = sourcecode.swift; path = WelcomeUseCase.swift; sourceTree = "<group>"; };
		EB0FE3C52801E044005D6DBA /* UIStackView+.swift */ = {isa = PBXFileReference; lastKnownFileType = sourcecode.swift; path = "UIStackView+.swift"; sourceTree = "<group>"; };
		EB0FE3C72801E0A9005D6DBA /* UITextField+.swift */ = {isa = PBXFileReference; lastKnownFileType = sourcecode.swift; path = "UITextField+.swift"; sourceTree = "<group>"; };
		EB0FE3C92801E83B005D6DBA /* UILabel+.swift */ = {isa = PBXFileReference; lastKnownFileType = sourcecode.swift; path = "UILabel+.swift"; sourceTree = "<group>"; };
		EB0FE3D328048D49005D6DBA /* Reactive+.swift */ = {isa = PBXFileReference; lastKnownFileType = sourcecode.swift; path = "Reactive+.swift"; sourceTree = "<group>"; };
		EB67C69F281285300041DCFD /* HomeVC.swift */ = {isa = PBXFileReference; lastKnownFileType = sourcecode.swift; path = HomeVC.swift; sourceTree = "<group>"; };
		EB67C6A1281285370041DCFD /* SearchVC.swift */ = {isa = PBXFileReference; lastKnownFileType = sourcecode.swift; path = SearchVC.swift; sourceTree = "<group>"; };
		EB67C6A32812853D0041DCFD /* ReelsVC.swift */ = {isa = PBXFileReference; lastKnownFileType = sourcecode.swift; path = ReelsVC.swift; sourceTree = "<group>"; };
		EB67C6A5281285420041DCFD /* ShopVC.swift */ = {isa = PBXFileReference; lastKnownFileType = sourcecode.swift; path = ShopVC.swift; sourceTree = "<group>"; };
		EB67C6A72812854A0041DCFD /* ProfileVC.swift */ = {isa = PBXFileReference; lastKnownFileType = sourcecode.swift; path = ProfileVC.swift; sourceTree = "<group>"; };
		EB7FB43227F81F1100675CED /* 30th-SOPT-iOS-assignment.app */ = {isa = PBXFileReference; explicitFileType = wrapper.application; includeInIndex = 0; path = "30th-SOPT-iOS-assignment.app"; sourceTree = BUILT_PRODUCTS_DIR; };
		EB7FB43527F81F1100675CED /* AppDelegate.swift */ = {isa = PBXFileReference; lastKnownFileType = sourcecode.swift; path = AppDelegate.swift; sourceTree = "<group>"; };
		EB7FB43727F81F1100675CED /* SceneDelegate.swift */ = {isa = PBXFileReference; lastKnownFileType = sourcecode.swift; path = SceneDelegate.swift; sourceTree = "<group>"; };
		EB7FB43E27F81F1200675CED /* Assets.xcassets */ = {isa = PBXFileReference; lastKnownFileType = folder.assetcatalog; path = Assets.xcassets; sourceTree = "<group>"; };
		EB7FB44127F81F1200675CED /* Base */ = {isa = PBXFileReference; lastKnownFileType = file.storyboard; name = Base; path = Base.lproj/LaunchScreen.storyboard; sourceTree = "<group>"; };
		EB7FB44327F81F1200675CED /* Info.plist */ = {isa = PBXFileReference; lastKnownFileType = text.plist.xml; path = Info.plist; sourceTree = "<group>"; };
		EB9A3C6B28127EC7009DA924 /* MainTBC.swift */ = {isa = PBXFileReference; lastKnownFileType = sourcecode.swift; path = MainTBC.swift; sourceTree = "<group>"; };
		EBB25FC528311FA5001416D8 /* BaseAPI.swift */ = {isa = PBXFileReference; lastKnownFileType = sourcecode.swift; path = BaseAPI.swift; sourceTree = "<group>"; };
		EBB25FC82831205A001416D8 /* HeaderType.swift */ = {isa = PBXFileReference; lastKnownFileType = sourcecode.swift; path = HeaderType.swift; sourceTree = "<group>"; };
		EBB25FCA28312199001416D8 /* TargetType.swift */ = {isa = PBXFileReference; lastKnownFileType = sourcecode.swift; path = TargetType.swift; sourceTree = "<group>"; };
		EBB25FCC28312204001416D8 /* BaseTargetType.swift */ = {isa = PBXFileReference; lastKnownFileType = sourcecode.swift; path = BaseTargetType.swift; sourceTree = "<group>"; };
		EBB25FCF28312268001416D8 /* AuthService.swift */ = {isa = PBXFileReference; lastKnownFileType = sourcecode.swift; path = AuthService.swift; sourceTree = "<group>"; };
		EBB2605128328A61001416D8 /* SignIn.swift */ = {isa = PBXFileReference; lastKnownFileType = sourcecode.swift; path = SignIn.swift; sourceTree = "<group>"; };
		EBB2605328328A65001416D8 /* SignUp.swift */ = {isa = PBXFileReference; lastKnownFileType = sourcecode.swift; path = SignUp.swift; sourceTree = "<group>"; };
		EBC07DFC2825181F002C3501 /* ViewModelType.swift */ = {isa = PBXFileReference; lastKnownFileType = sourcecode.swift; path = ViewModelType.swift; sourceTree = "<group>"; };
		EBC07DFE28251837002C3501 /* UITableViewRegisterable.swift */ = {isa = PBXFileReference; lastKnownFileType = sourcecode.swift; path = UITableViewRegisterable.swift; sourceTree = "<group>"; };
		EBC07E0028251889002C3501 /* getClassName.swift */ = {isa = PBXFileReference; lastKnownFileType = sourcecode.swift; path = getClassName.swift; sourceTree = "<group>"; };
		EBC07E02282518DA002C3501 /* UICollectionViewRegisterable.swift */ = {isa = PBXFileReference; lastKnownFileType = sourcecode.swift; path = UICollectionViewRegisterable.swift; sourceTree = "<group>"; };
		EBC07E0628251C64002C3501 /* HomeViewModel.swift */ = {isa = PBXFileReference; lastKnownFileType = sourcecode.swift; path = HomeViewModel.swift; sourceTree = "<group>"; };
		EBC07E0828251CD6002C3501 /* StoryCVC.swift */ = {isa = PBXFileReference; lastKnownFileType = sourcecode.swift; path = StoryCVC.swift; sourceTree = "<group>"; };
		EBC07E0A28251CEA002C3501 /* SotryListTVC.swift */ = {isa = PBXFileReference; lastKnownFileType = sourcecode.swift; path = SotryListTVC.swift; sourceTree = "<group>"; };
		EBC07E0C28251D30002C3501 /* HomePostTVC.swift */ = {isa = PBXFileReference; lastKnownFileType = sourcecode.swift; path = HomePostTVC.swift; sourceTree = "<group>"; };
		EBC07E0F282527B5002C3501 /* HomeData.swift */ = {isa = PBXFileReference; lastKnownFileType = sourcecode.swift; path = HomeData.swift; sourceTree = "<group>"; };
		EBC07E1128252981002C3501 /* HomeStoryData.swift */ = {isa = PBXFileReference; lastKnownFileType = sourcecode.swift; path = HomeStoryData.swift; sourceTree = "<group>"; };
		EBC07E1328252986002C3501 /* HomePostData.swift */ = {isa = PBXFileReference; lastKnownFileType = sourcecode.swift; path = HomePostData.swift; sourceTree = "<group>"; };
		EBC186FA27FF7B37007016F0 /* BaseVC.swift */ = {isa = PBXFileReference; lastKnownFileType = sourcecode.swift; path = BaseVC.swift; sourceTree = "<group>"; };
		EBC186FC27FF7FA9007016F0 /* LoginVC.swift */ = {isa = PBXFileReference; lastKnownFileType = sourcecode.swift; path = LoginVC.swift; sourceTree = "<group>"; };
		EBC1870127FF8505007016F0 /* LoginViewModel.swift */ = {isa = PBXFileReference; lastKnownFileType = sourcecode.swift; path = LoginViewModel.swift; sourceTree = "<group>"; };
		EBC1870327FF8665007016F0 /* UIView+.swift */ = {isa = PBXFileReference; lastKnownFileType = sourcecode.swift; path = "UIView+.swift"; sourceTree = "<group>"; };
		EBC1870627FF8783007016F0 /* ModuleFactory.swift */ = {isa = PBXFileReference; lastKnownFileType = sourcecode.swift; path = ModuleFactory.swift; sourceTree = "<group>"; };
		EBC1870927FF8E2E007016F0 /* ImageLiterals.swift */ = {isa = PBXFileReference; lastKnownFileType = sourcecode.swift; path = ImageLiterals.swift; sourceTree = "<group>"; };
		EBC1870B27FF8F4C007016F0 /* UsernameVC.swift */ = {isa = PBXFileReference; lastKnownFileType = sourcecode.swift; path = UsernameVC.swift; sourceTree = "<group>"; };
		EBC1870D27FF8F53007016F0 /* UsernameViewModel.swift */ = {isa = PBXFileReference; lastKnownFileType = sourcecode.swift; path = UsernameViewModel.swift; sourceTree = "<group>"; };
		EBC1870F27FF8F5D007016F0 /* PasswordVC.swift */ = {isa = PBXFileReference; lastKnownFileType = sourcecode.swift; path = PasswordVC.swift; sourceTree = "<group>"; };
		EBC1871127FF8F64007016F0 /* PasswordViewModel.swift */ = {isa = PBXFileReference; lastKnownFileType = sourcecode.swift; path = PasswordViewModel.swift; sourceTree = "<group>"; };
		EBC1871927FF9128007016F0 /* AuthButton.swift */ = {isa = PBXFileReference; lastKnownFileType = sourcecode.swift; path = AuthButton.swift; sourceTree = "<group>"; };
		EBC1871B27FF9130007016F0 /* AuthTextField.swift */ = {isa = PBXFileReference; lastKnownFileType = sourcecode.swift; path = AuthTextField.swift; sourceTree = "<group>"; };
		EBE155A3282578F400F25038 /* CustomNavigationBar.swift */ = {isa = PBXFileReference; lastKnownFileType = sourcecode.swift; path = CustomNavigationBar.swift; sourceTree = "<group>"; };
/* End PBXFileReference section */

/* Begin PBXFrameworksBuildPhase section */
		EB7FB42F27F81F1100675CED /* Frameworks */ = {
			isa = PBXFrameworksBuildPhase;
			buildActionMask = 2147483647;
			files = (
				EB0BDAA32830A074003A9CD7 /* Alamofire in Frameworks */,
				EBFEA38B27FF736C003FADB7 /* RxSwift in Frameworks */,
				EBFEA38E27FF737A003FADB7 /* SnapKit in Frameworks */,
				EBFEA38927FF736C003FADB7 /* RxRelay in Frameworks */,
				EBFEA38727FF736C003FADB7 /* RxCocoa in Frameworks */,
			);
			runOnlyForDeploymentPostprocessing = 0;
		};
/* End PBXFrameworksBuildPhase section */

/* Begin PBXGroup section */
		EB0BDAA42830A126003A9CD7 /* APIEssentials */ = {
			isa = PBXGroup;
			children = (
				EB0BDAA52830A12E003A9CD7 /* APIConstants.swift */,
				EB0BDAA72830A172003A9CD7 /* NetworkResult.swift */,
			);
			path = APIEssentials;
			sourceTree = "<group>";
		};
		EB0BDAA92830A1A8003A9CD7 /* APIManagers */ = {
			isa = PBXGroup;
			children = (
				EB0BDAAA2830A1D2003A9CD7 /* AuthAPI.swift */,
			);
			path = APIManagers;
			sourceTree = "<group>";
		};
		EB0C3AE928001102009ACE52 /* Welcome */ = {
			isa = PBXGroup;
			children = (
				EB0C3AEA2800111C009ACE52 /* WelcomeVC.swift */,
				EB0C3AEC2800112F009ACE52 /* WelcomeViewModel.swift */,
				EB0C3AF828009A20009ACE52 /* WelcomeUseCase.swift */,
			);
			path = Welcome;
			sourceTree = "<group>";
		};
		EB0C3AEE280063CC009ACE52 /* Authentication */ = {
			isa = PBXGroup;
			children = (
				EB0C3AF0280063E2009ACE52 /* User.swift */,
				EBB2605128328A61001416D8 /* SignIn.swift */,
				EBB2605328328A65001416D8 /* SignUp.swift */,
			);
			path = Authentication;
			sourceTree = "<group>";
		};
		EB67C69A2812848F0041DCFD /* Home */ = {
			isa = PBXGroup;
			children = (
				EBC07E0428251BA5002C3501 /* Cells */,
				EB67C69F281285300041DCFD /* HomeVC.swift */,
				EBC07E0628251C64002C3501 /* HomeViewModel.swift */,
			);
			path = Home;
			sourceTree = "<group>";
		};
		EB67C69B2812849A0041DCFD /* Search */ = {
			isa = PBXGroup;
			children = (
				EB67C6A1281285370041DCFD /* SearchVC.swift */,
			);
			path = Search;
			sourceTree = "<group>";
		};
		EB67C69C281284B80041DCFD /* Profile */ = {
			isa = PBXGroup;
			children = (
				EB67C6A72812854A0041DCFD /* ProfileVC.swift */,
			);
			path = Profile;
			sourceTree = "<group>";
		};
		EB67C69D281284BF0041DCFD /* Reels */ = {
			isa = PBXGroup;
			children = (
				EB67C6A32812853D0041DCFD /* ReelsVC.swift */,
			);
			path = Reels;
			sourceTree = "<group>";
		};
		EB67C69E281284CC0041DCFD /* Shop */ = {
			isa = PBXGroup;
			children = (
				EB67C6A5281285420041DCFD /* ShopVC.swift */,
			);
			path = Shop;
			sourceTree = "<group>";
		};
		EB7FB42927F81F1100675CED = {
			isa = PBXGroup;
			children = (
				EB7FB43427F81F1100675CED /* 30th-SOPT-iOS-assignment */,
				EB7FB43327F81F1100675CED /* Products */,
			);
			sourceTree = "<group>";
		};
		EB7FB43327F81F1100675CED /* Products */ = {
			isa = PBXGroup;
			children = (
				EB7FB43227F81F1100675CED /* 30th-SOPT-iOS-assignment.app */,
			);
			name = Products;
			sourceTree = "<group>";
		};
		EB7FB43427F81F1100675CED /* 30th-SOPT-iOS-assignment */ = {
			isa = PBXGroup;
			children = (
				EB7FB44327F81F1200675CED /* Info.plist */,
				EBFEA38F27FF7681003FADB7 /* Global */,
				EBFEA39027FF768D003FADB7 /* Application */,
				EBFEA39127FF7694003FADB7 /* Presentation */,
				EBFEA39227FF769D003FADB7 /* Domain */,
				EBFEA39327FF76A2003FADB7 /* Data */,
				EBFEA39427FF76A6003FADB7 /* Utils */,
			);
			path = "30th-SOPT-iOS-assignment";
			sourceTree = "<group>";
		};
		EB9A3C6928127CD6009DA924 /* MainTabBar */ = {
			isa = PBXGroup;
			children = (
				EB9A3C6B28127EC7009DA924 /* MainTBC.swift */,
			);
			path = MainTabBar;
			sourceTree = "<group>";
		};
		EBB25FC728312034001416D8 /* Foundation */ = {
			isa = PBXGroup;
			children = (
				EBB25FC528311FA5001416D8 /* BaseAPI.swift */,
				EBB25FC82831205A001416D8 /* HeaderType.swift */,
				EBB25FCA28312199001416D8 /* TargetType.swift */,
				EBB25FCC28312204001416D8 /* BaseTargetType.swift */,
			);
			path = Foundation;
			sourceTree = "<group>";
		};
		EBB25FCE28312257001416D8 /* Service */ = {
			isa = PBXGroup;
			children = (
				EBB25FCF28312268001416D8 /* AuthService.swift */,
			);
			path = Service;
			sourceTree = "<group>";
		};
		EBC07E0428251BA5002C3501 /* Cells */ = {
			isa = PBXGroup;
			children = (
				EBC07E0A28251CEA002C3501 /* SotryListTVC.swift */,
				EBC07E0828251CD6002C3501 /* StoryCVC.swift */,
				EBC07E0C28251D30002C3501 /* HomePostTVC.swift */,
			);
			path = Cells;
			sourceTree = "<group>";
		};
		EBC07E0E28252790002C3501 /* Home */ = {
			isa = PBXGroup;
			children = (
				EBC07E0F282527B5002C3501 /* HomeData.swift */,
				EBC07E1128252981002C3501 /* HomeStoryData.swift */,
				EBC07E1328252986002C3501 /* HomePostData.swift */,
			);
			path = Home;
			sourceTree = "<group>";
		};
		EBC186FE27FF84B2007016F0 /* Login */ = {
			isa = PBXGroup;
			children = (
				EBC186FC27FF7FA9007016F0 /* LoginVC.swift */,
				EBC1870127FF8505007016F0 /* LoginViewModel.swift */,
				EB0C3AE727FFDCB9009ACE52 /* LoginUseCase.swift */,
			);
			path = Login;
			sourceTree = "<group>";
		};
		EBC186FF27FF84C5007016F0 /* Username */ = {
			isa = PBXGroup;
			children = (
				EBC1870B27FF8F4C007016F0 /* UsernameVC.swift */,
				EBC1870D27FF8F53007016F0 /* UsernameViewModel.swift */,
				EB0C3AF428009A10009ACE52 /* UsernameUseCase.swift */,
			);
			path = Username;
			sourceTree = "<group>";
		};
		EBC1870027FF84DE007016F0 /* Password */ = {
			isa = PBXGroup;
			children = (
				EBC1870F27FF8F5D007016F0 /* PasswordVC.swift */,
				EBC1871127FF8F64007016F0 /* PasswordViewModel.swift */,
				EB0C3AF628009A18009ACE52 /* PasswordUseCase.swift */,
			);
			path = Password;
			sourceTree = "<group>";
		};
		EBC1870527FF872A007016F0 /* Resources */ = {
			isa = PBXGroup;
			children = (
				EB7FB43E27F81F1200675CED /* Assets.xcassets */,
			);
			path = Resources;
			sourceTree = "<group>";
		};
		EBC1870827FF87B4007016F0 /* Notification */ = {
			isa = PBXGroup;
			children = (
			);
			path = Notification;
			sourceTree = "<group>";
		};
		EBC1871327FF9098007016F0 /* UIComponent */ = {
			isa = PBXGroup;
			children = (
				EBE155A2282578E200F25038 /* Navigation */,
				EBC1871827FF9120007016F0 /* Auth */,
			);
			path = UIComponent;
			sourceTree = "<group>";
		};
		EBC1871827FF9120007016F0 /* Auth */ = {
			isa = PBXGroup;
			children = (
				EBC1871927FF9128007016F0 /* AuthButton.swift */,
				EBC1871B27FF9130007016F0 /* AuthTextField.swift */,
			);
			path = Auth;
			sourceTree = "<group>";
		};
		EBE155A2282578E200F25038 /* Navigation */ = {
			isa = PBXGroup;
			children = (
				EBE155A3282578F400F25038 /* CustomNavigationBar.swift */,
			);
			path = Navigation;
			sourceTree = "<group>";
		};
		EBFEA38F27FF7681003FADB7 /* Global */ = {
			isa = PBXGroup;
			children = (
				EBC1870527FF872A007016F0 /* Resources */,
				EBFEA39A27FF770C003FADB7 /* Extension */,
				EBFEA39727FF76EB003FADB7 /* Literals */,
				EBFEA39627FF76E3003FADB7 /* Protocols */,
				EBFEA39527FF76D8003FADB7 /* Supporting Files */,
			);
			path = Global;
			sourceTree = "<group>";
		};
		EBFEA39027FF768D003FADB7 /* Application */ = {
			isa = PBXGroup;
			children = (
				EB7FB43527F81F1100675CED /* AppDelegate.swift */,
				EB7FB43727F81F1100675CED /* SceneDelegate.swift */,
				EBFEA39C27FF7734003FADB7 /* Manager */,
				EBFEA39B27FF772F003FADB7 /* Coordinator */,
			);
			path = Application;
			sourceTree = "<group>";
		};
		EBFEA39127FF7694003FADB7 /* Presentation */ = {
			isa = PBXGroup;
			children = (
				EBFEA3A827FF7A94003FADB7 /* Common */,
				EBFEA3A227FF79BD003FADB7 /* Authentication */,
				EB9A3C6928127CD6009DA924 /* MainTabBar */,
				EB67C69A2812848F0041DCFD /* Home */,
				EB67C69B2812849A0041DCFD /* Search */,
				EB67C69D281284BF0041DCFD /* Reels */,
				EB67C69E281284CC0041DCFD /* Shop */,
				EB67C69C281284B80041DCFD /* Profile */,
			);
			path = Presentation;
			sourceTree = "<group>";
		};
		EBFEA39227FF769D003FADB7 /* Domain */ = {
			isa = PBXGroup;
			children = (
				EBFEA3A727FF7A29003FADB7 /* Usecase */,
				EBFEA3A627FF7A25003FADB7 /* Model */,
			);
			path = Domain;
			sourceTree = "<group>";
		};
		EBFEA39327FF76A2003FADB7 /* Data */ = {
			isa = PBXGroup;
			children = (
				EBFEA3A527FF7A05003FADB7 /* Network */,
				EBFEA3A427FF79FA003FADB7 /* Repository */,
				EBFEA3A327FF79F7003FADB7 /* Entity */,
			);
			path = Data;
			sourceTree = "<group>";
		};
		EBFEA39427FF76A6003FADB7 /* Utils */ = {
			isa = PBXGroup;
			children = (
				EBC07E0028251889002C3501 /* getClassName.swift */,
			);
			path = Utils;
			sourceTree = "<group>";
		};
		EBFEA39527FF76D8003FADB7 /* Supporting Files */ = {
			isa = PBXGroup;
			children = (
				EB7FB44027F81F1200675CED /* LaunchScreen.storyboard */,
			);
			path = "Supporting Files";
			sourceTree = "<group>";
		};
		EBFEA39627FF76E3003FADB7 /* Protocols */ = {
			isa = PBXGroup;
			children = (
				EBC07DFC2825181F002C3501 /* ViewModelType.swift */,
				EBC07DFE28251837002C3501 /* UITableViewRegisterable.swift */,
				EBC07E02282518DA002C3501 /* UICollectionViewRegisterable.swift */,
			);
			path = Protocols;
			sourceTree = "<group>";
		};
		EBFEA39727FF76EB003FADB7 /* Literals */ = {
			isa = PBXGroup;
			children = (
				EBFEA39927FF7705003FADB7 /* Literal */,
				EBFEA39827FF76FF003FADB7 /* String */,
			);
			path = Literals;
			sourceTree = "<group>";
		};
		EBFEA39827FF76FF003FADB7 /* String */ = {
			isa = PBXGroup;
			children = (
			);
			path = String;
			sourceTree = "<group>";
		};
		EBFEA39927FF7705003FADB7 /* Literal */ = {
			isa = PBXGroup;
			children = (
				EBC1870927FF8E2E007016F0 /* ImageLiterals.swift */,
			);
			path = Literal;
			sourceTree = "<group>";
		};
		EBFEA39A27FF770C003FADB7 /* Extension */ = {
			isa = PBXGroup;
			children = (
				EBC1870327FF8665007016F0 /* UIView+.swift */,
				EB0FE3C52801E044005D6DBA /* UIStackView+.swift */,
				EB0FE3C72801E0A9005D6DBA /* UITextField+.swift */,
				EB0FE3C92801E83B005D6DBA /* UILabel+.swift */,
				EB0FE3D328048D49005D6DBA /* Reactive+.swift */,
			);
			path = Extension;
			sourceTree = "<group>";
		};
		EBFEA39B27FF772F003FADB7 /* Coordinator */ = {
			isa = PBXGroup;
			children = (
				EBFEA3A127FF79A7003FADB7 /* Router */,
				EBFEA3A027FF79A2003FADB7 /* Protocols */,
				EBFEA39F27FF799D003FADB7 /* Factory */,
				EBFEA39E27FF7996003FADB7 /* Enums */,
				EBFEA39D27FF7991003FADB7 /* Coordinators */,
			);
			path = Coordinator;
			sourceTree = "<group>";
		};
		EBFEA39C27FF7734003FADB7 /* Manager */ = {
			isa = PBXGroup;
			children = (
				EBC1870827FF87B4007016F0 /* Notification */,
			);
			path = Manager;
			sourceTree = "<group>";
		};
		EBFEA39D27FF7991003FADB7 /* Coordinators */ = {
			isa = PBXGroup;
			children = (
			);
			path = Coordinators;
			sourceTree = "<group>";
		};
		EBFEA39E27FF7996003FADB7 /* Enums */ = {
			isa = PBXGroup;
			children = (
			);
			path = Enums;
			sourceTree = "<group>";
		};
		EBFEA39F27FF799D003FADB7 /* Factory */ = {
			isa = PBXGroup;
			children = (
				EBC1870627FF8783007016F0 /* ModuleFactory.swift */,
			);
			path = Factory;
			sourceTree = "<group>";
		};
		EBFEA3A027FF79A2003FADB7 /* Protocols */ = {
			isa = PBXGroup;
			children = (
			);
			path = Protocols;
			sourceTree = "<group>";
		};
		EBFEA3A127FF79A7003FADB7 /* Router */ = {
			isa = PBXGroup;
			children = (
			);
			path = Router;
			sourceTree = "<group>";
		};
		EBFEA3A227FF79BD003FADB7 /* Authentication */ = {
			isa = PBXGroup;
			children = (
				EBC186FE27FF84B2007016F0 /* Login */,
				EBC186FF27FF84C5007016F0 /* Username */,
				EBC1870027FF84DE007016F0 /* Password */,
				EB0C3AE928001102009ACE52 /* Welcome */,
			);
			path = Authentication;
			sourceTree = "<group>";
		};
		EBFEA3A327FF79F7003FADB7 /* Entity */ = {
			isa = PBXGroup;
			children = (
			);
			path = Entity;
			sourceTree = "<group>";
		};
		EBFEA3A427FF79FA003FADB7 /* Repository */ = {
			isa = PBXGroup;
			children = (
			);
			path = Repository;
			sourceTree = "<group>";
		};
		EBFEA3A527FF7A05003FADB7 /* Network */ = {
			isa = PBXGroup;
			children = (
				EBB25FCE28312257001416D8 /* Service */,
				EBB25FC728312034001416D8 /* Foundation */,
				EB0BDAA92830A1A8003A9CD7 /* APIManagers */,
				EB0BDAA42830A126003A9CD7 /* APIEssentials */,
			);
			path = Network;
			sourceTree = "<group>";
		};
		EBFEA3A627FF7A25003FADB7 /* Model */ = {
			isa = PBXGroup;
			children = (
				EBC07E0E28252790002C3501 /* Home */,
				EB0C3AEE280063CC009ACE52 /* Authentication */,
				EB0BDAAC2830A35C003A9CD7 /* GenericResponse.swift */,
			);
			path = Model;
			sourceTree = "<group>";
		};
		EBFEA3A727FF7A29003FADB7 /* Usecase */ = {
			isa = PBXGroup;
			children = (
			);
			path = Usecase;
			sourceTree = "<group>";
		};
		EBFEA3A827FF7A94003FADB7 /* Common */ = {
			isa = PBXGroup;
			children = (
				EBC1871327FF9098007016F0 /* UIComponent */,
				EBC186FA27FF7B37007016F0 /* BaseVC.swift */,
				EB0C3AF2280094A0009ACE52 /* BaseNVC.swift */,
			);
			path = Common;
			sourceTree = "<group>";
		};
/* End PBXGroup section */

/* Begin PBXNativeTarget section */
		EB7FB43127F81F1100675CED /* 30th-SOPT-iOS-assignment */ = {
			isa = PBXNativeTarget;
			buildConfigurationList = EB7FB44627F81F1200675CED /* Build configuration list for PBXNativeTarget "30th-SOPT-iOS-assignment" */;
			buildPhases = (
				EB7FB42E27F81F1100675CED /* Sources */,
				EB7FB42F27F81F1100675CED /* Frameworks */,
				EB7FB43027F81F1100675CED /* Resources */,
			);
			buildRules = (
			);
			dependencies = (
			);
			name = "30th-SOPT-iOS-assignment";
			packageProductDependencies = (
				EBFEA38627FF736C003FADB7 /* RxCocoa */,
				EBFEA38827FF736C003FADB7 /* RxRelay */,
				EBFEA38A27FF736C003FADB7 /* RxSwift */,
				EBFEA38D27FF737A003FADB7 /* SnapKit */,
				EB0BDAA22830A074003A9CD7 /* Alamofire */,
			);
			productName = "30th-SOPT-iOS-assignment";
			productReference = EB7FB43227F81F1100675CED /* 30th-SOPT-iOS-assignment.app */;
			productType = "com.apple.product-type.application";
		};
/* End PBXNativeTarget section */

/* Begin PBXProject section */
		EB7FB42A27F81F1100675CED /* Project object */ = {
			isa = PBXProject;
			attributes = {
				BuildIndependentTargetsInParallel = 1;
				LastSwiftUpdateCheck = 1330;
				LastUpgradeCheck = 1330;
				TargetAttributes = {
					EB7FB43127F81F1100675CED = {
						CreatedOnToolsVersion = 13.3;
					};
				};
			};
			buildConfigurationList = EB7FB42D27F81F1100675CED /* Build configuration list for PBXProject "30th-SOPT-iOS-assignment" */;
			compatibilityVersion = "Xcode 13.0";
			developmentRegion = en;
			hasScannedForEncodings = 0;
			knownRegions = (
				en,
				Base,
			);
			mainGroup = EB7FB42927F81F1100675CED;
			packageReferences = (
				EBFEA38527FF736C003FADB7 /* XCRemoteSwiftPackageReference "RxSwift" */,
				EBFEA38C27FF737A003FADB7 /* XCRemoteSwiftPackageReference "SnapKit" */,
				EB0BDAA12830A074003A9CD7 /* XCRemoteSwiftPackageReference "Alamofire" */,
			);
			productRefGroup = EB7FB43327F81F1100675CED /* Products */;
			projectDirPath = "";
			projectRoot = "";
			targets = (
				EB7FB43127F81F1100675CED /* 30th-SOPT-iOS-assignment */,
			);
		};
/* End PBXProject section */

/* Begin PBXResourcesBuildPhase section */
		EB7FB43027F81F1100675CED /* Resources */ = {
			isa = PBXResourcesBuildPhase;
			buildActionMask = 2147483647;
			files = (
				EB7FB44227F81F1200675CED /* LaunchScreen.storyboard in Resources */,
				EB7FB43F27F81F1200675CED /* Assets.xcassets in Resources */,
			);
			runOnlyForDeploymentPostprocessing = 0;
		};
/* End PBXResourcesBuildPhase section */

/* Begin PBXSourcesBuildPhase section */
		EB7FB42E27F81F1100675CED /* Sources */ = {
			isa = PBXSourcesBuildPhase;
			buildActionMask = 2147483647;
			files = (
				EBE155A4282578F400F25038 /* CustomNavigationBar.swift in Sources */,
				EBC07E0928251CD6002C3501 /* StoryCVC.swift in Sources */,
				EB9A3C6C28127EC7009DA924 /* MainTBC.swift in Sources */,
				EB67C6A0281285300041DCFD /* HomeVC.swift in Sources */,
				EBC1870E27FF8F53007016F0 /* UsernameViewModel.swift in Sources */,
				EBC07E03282518DA002C3501 /* UICollectionViewRegisterable.swift in Sources */,
				EBC07E0B28251CEA002C3501 /* SotryListTVC.swift in Sources */,
				EBC1871A27FF9128007016F0 /* AuthButton.swift in Sources */,
				EBB2605428328A66001416D8 /* SignUp.swift in Sources */,
				EBC07DFF28251837002C3501 /* UITableViewRegisterable.swift in Sources */,
				EBC07E0D28251D31002C3501 /* HomePostTVC.swift in Sources */,
				EBC1871227FF8F64007016F0 /* PasswordViewModel.swift in Sources */,
				EBB25FC92831205A001416D8 /* HeaderType.swift in Sources */,
				EBC07E10282527B5002C3501 /* HomeData.swift in Sources */,
				EB0BDAAD2830A35C003A9CD7 /* GenericResponse.swift in Sources */,
				EBC1870427FF8665007016F0 /* UIView+.swift in Sources */,
				EBC1870A27FF8E2E007016F0 /* ImageLiterals.swift in Sources */,
				EBC1871027FF8F5D007016F0 /* PasswordVC.swift in Sources */,
				EBC07E0728251C64002C3501 /* HomeViewModel.swift in Sources */,
				EB7FB43627F81F1100675CED /* AppDelegate.swift in Sources */,
				EBB2605228328A61001416D8 /* SignIn.swift in Sources */,
				EBB25FD028312268001416D8 /* AuthService.swift in Sources */,
				EB0C3AF3280094A0009ACE52 /* BaseNVC.swift in Sources */,
				EB67C6A2281285370041DCFD /* SearchVC.swift in Sources */,
				EBC07DFD2825181F002C3501 /* ViewModelType.swift in Sources */,
				EBC07E0128251889002C3501 /* getClassName.swift in Sources */,
				EB0BDAAB2830A1D2003A9CD7 /* AuthAPI.swift in Sources */,
				EB7FB43827F81F1100675CED /* SceneDelegate.swift in Sources */,
				EB0C3AF528009A10009ACE52 /* UsernameUseCase.swift in Sources */,
				EB0C3AED2800112F009ACE52 /* WelcomeViewModel.swift in Sources */,
				EBC186FD27FF7FA9007016F0 /* LoginVC.swift in Sources */,
				EB0C3AF928009A20009ACE52 /* WelcomeUseCase.swift in Sources */,
				EBC1871C27FF9130007016F0 /* AuthTextField.swift in Sources */,
				EB67C6A6281285420041DCFD /* ShopVC.swift in Sources */,
				EBB25FCD28312204001416D8 /* BaseTargetType.swift in Sources */,
				EBC1870227FF8505007016F0 /* LoginViewModel.swift in Sources */,
				EB67C6A42812853D0041DCFD /* ReelsVC.swift in Sources */,
				EBB25FCB28312199001416D8 /* TargetType.swift in Sources */,
				EB67C6A82812854A0041DCFD /* ProfileVC.swift in Sources */,
				EB0BDAA82830A172003A9CD7 /* NetworkResult.swift in Sources */,
				EB0FE3C82801E0A9005D6DBA /* UITextField+.swift in Sources */,
				EBC07E1428252986002C3501 /* HomePostData.swift in Sources */,
				EBC1870C27FF8F4C007016F0 /* UsernameVC.swift in Sources */,
				EBC07E1228252981002C3501 /* HomeStoryData.swift in Sources */,
				EB0FE3CA2801E83B005D6DBA /* UILabel+.swift in Sources */,
				EBC186FB27FF7B37007016F0 /* BaseVC.swift in Sources */,
				EB0C3AF728009A18009ACE52 /* PasswordUseCase.swift in Sources */,
				EB0FE3D428048D49005D6DBA /* Reactive+.swift in Sources */,
				EB0C3AF1280063E3009ACE52 /* User.swift in Sources */,
				EBC1870727FF8783007016F0 /* ModuleFactory.swift in Sources */,
				EB0BDAA62830A12E003A9CD7 /* APIConstants.swift in Sources */,
				EB0C3AE827FFDCB9009ACE52 /* LoginUseCase.swift in Sources */,
				EB0C3AEB2800111C009ACE52 /* WelcomeVC.swift in Sources */,
				EB0FE3C62801E044005D6DBA /* UIStackView+.swift in Sources */,
				EBB25FC628311FA5001416D8 /* BaseAPI.swift in Sources */,
			);
			runOnlyForDeploymentPostprocessing = 0;
		};
/* End PBXSourcesBuildPhase section */

/* Begin PBXVariantGroup section */
		EB7FB44027F81F1200675CED /* LaunchScreen.storyboard */ = {
			isa = PBXVariantGroup;
			children = (
				EB7FB44127F81F1200675CED /* Base */,
			);
			name = LaunchScreen.storyboard;
			sourceTree = "<group>";
		};
/* End PBXVariantGroup section */

/* Begin XCBuildConfiguration section */
		EB7FB44427F81F1200675CED /* Debug */ = {
			isa = XCBuildConfiguration;
			buildSettings = {
				ALWAYS_SEARCH_USER_PATHS = NO;
				CLANG_ANALYZER_NONNULL = YES;
				CLANG_ANALYZER_NUMBER_OBJECT_CONVERSION = YES_AGGRESSIVE;
				CLANG_CXX_LANGUAGE_STANDARD = "gnu++17";
				CLANG_ENABLE_MODULES = YES;
				CLANG_ENABLE_OBJC_ARC = YES;
				CLANG_ENABLE_OBJC_WEAK = YES;
				CLANG_WARN_BLOCK_CAPTURE_AUTORELEASING = YES;
				CLANG_WARN_BOOL_CONVERSION = YES;
				CLANG_WARN_COMMA = YES;
				CLANG_WARN_CONSTANT_CONVERSION = YES;
				CLANG_WARN_DEPRECATED_OBJC_IMPLEMENTATIONS = YES;
				CLANG_WARN_DIRECT_OBJC_ISA_USAGE = YES_ERROR;
				CLANG_WARN_DOCUMENTATION_COMMENTS = YES;
				CLANG_WARN_EMPTY_BODY = YES;
				CLANG_WARN_ENUM_CONVERSION = YES;
				CLANG_WARN_INFINITE_RECURSION = YES;
				CLANG_WARN_INT_CONVERSION = YES;
				CLANG_WARN_NON_LITERAL_NULL_CONVERSION = YES;
				CLANG_WARN_OBJC_IMPLICIT_RETAIN_SELF = YES;
				CLANG_WARN_OBJC_LITERAL_CONVERSION = YES;
				CLANG_WARN_OBJC_ROOT_CLASS = YES_ERROR;
				CLANG_WARN_QUOTED_INCLUDE_IN_FRAMEWORK_HEADER = YES;
				CLANG_WARN_RANGE_LOOP_ANALYSIS = YES;
				CLANG_WARN_STRICT_PROTOTYPES = YES;
				CLANG_WARN_SUSPICIOUS_MOVE = YES;
				CLANG_WARN_UNGUARDED_AVAILABILITY = YES_AGGRESSIVE;
				CLANG_WARN_UNREACHABLE_CODE = YES;
				CLANG_WARN__DUPLICATE_METHOD_MATCH = YES;
				COPY_PHASE_STRIP = NO;
				DEBUG_INFORMATION_FORMAT = dwarf;
				ENABLE_STRICT_OBJC_MSGSEND = YES;
				ENABLE_TESTABILITY = YES;
				GCC_C_LANGUAGE_STANDARD = gnu11;
				GCC_DYNAMIC_NO_PIC = NO;
				GCC_NO_COMMON_BLOCKS = YES;
				GCC_OPTIMIZATION_LEVEL = 0;
				GCC_PREPROCESSOR_DEFINITIONS = (
					"DEBUG=1",
					"$(inherited)",
				);
				GCC_WARN_64_TO_32_BIT_CONVERSION = YES;
				GCC_WARN_ABOUT_RETURN_TYPE = YES_ERROR;
				GCC_WARN_UNDECLARED_SELECTOR = YES;
				GCC_WARN_UNINITIALIZED_AUTOS = YES_AGGRESSIVE;
				GCC_WARN_UNUSED_FUNCTION = YES;
				GCC_WARN_UNUSED_VARIABLE = YES;
				IBSC_FLATTEN_NIBS = YES;
				INFOPLIST_FILE = Info.plist;
				IPHONEOS_DEPLOYMENT_TARGET = 15.4;
				MTL_ENABLE_DEBUG_INFO = INCLUDE_SOURCE;
				MTL_FAST_MATH = YES;
				ONLY_ACTIVE_ARCH = YES;
				SDKROOT = iphoneos;
				SWIFT_ACTIVE_COMPILATION_CONDITIONS = DEBUG;
				SWIFT_OPTIMIZATION_LEVEL = "-Onone";
			};
			name = Debug;
		};
		EB7FB44527F81F1200675CED /* Release */ = {
			isa = XCBuildConfiguration;
			buildSettings = {
				ALWAYS_SEARCH_USER_PATHS = NO;
				CLANG_ANALYZER_NONNULL = YES;
				CLANG_ANALYZER_NUMBER_OBJECT_CONVERSION = YES_AGGRESSIVE;
				CLANG_CXX_LANGUAGE_STANDARD = "gnu++17";
				CLANG_ENABLE_MODULES = YES;
				CLANG_ENABLE_OBJC_ARC = YES;
				CLANG_ENABLE_OBJC_WEAK = YES;
				CLANG_WARN_BLOCK_CAPTURE_AUTORELEASING = YES;
				CLANG_WARN_BOOL_CONVERSION = YES;
				CLANG_WARN_COMMA = YES;
				CLANG_WARN_CONSTANT_CONVERSION = YES;
				CLANG_WARN_DEPRECATED_OBJC_IMPLEMENTATIONS = YES;
				CLANG_WARN_DIRECT_OBJC_ISA_USAGE = YES_ERROR;
				CLANG_WARN_DOCUMENTATION_COMMENTS = YES;
				CLANG_WARN_EMPTY_BODY = YES;
				CLANG_WARN_ENUM_CONVERSION = YES;
				CLANG_WARN_INFINITE_RECURSION = YES;
				CLANG_WARN_INT_CONVERSION = YES;
				CLANG_WARN_NON_LITERAL_NULL_CONVERSION = YES;
				CLANG_WARN_OBJC_IMPLICIT_RETAIN_SELF = YES;
				CLANG_WARN_OBJC_LITERAL_CONVERSION = YES;
				CLANG_WARN_OBJC_ROOT_CLASS = YES_ERROR;
				CLANG_WARN_QUOTED_INCLUDE_IN_FRAMEWORK_HEADER = YES;
				CLANG_WARN_RANGE_LOOP_ANALYSIS = YES;
				CLANG_WARN_STRICT_PROTOTYPES = YES;
				CLANG_WARN_SUSPICIOUS_MOVE = YES;
				CLANG_WARN_UNGUARDED_AVAILABILITY = YES_AGGRESSIVE;
				CLANG_WARN_UNREACHABLE_CODE = YES;
				CLANG_WARN__DUPLICATE_METHOD_MATCH = YES;
				COPY_PHASE_STRIP = NO;
				DEBUG_INFORMATION_FORMAT = "dwarf-with-dsym";
				ENABLE_NS_ASSERTIONS = NO;
				ENABLE_STRICT_OBJC_MSGSEND = YES;
				GCC_C_LANGUAGE_STANDARD = gnu11;
				GCC_NO_COMMON_BLOCKS = YES;
				GCC_WARN_64_TO_32_BIT_CONVERSION = YES;
				GCC_WARN_ABOUT_RETURN_TYPE = YES_ERROR;
				GCC_WARN_UNDECLARED_SELECTOR = YES;
				GCC_WARN_UNINITIALIZED_AUTOS = YES_AGGRESSIVE;
				GCC_WARN_UNUSED_FUNCTION = YES;
				GCC_WARN_UNUSED_VARIABLE = YES;
				IBSC_FLATTEN_NIBS = YES;
				INFOPLIST_FILE = Info.plist;
				IPHONEOS_DEPLOYMENT_TARGET = 15.4;
				MTL_ENABLE_DEBUG_INFO = NO;
				MTL_FAST_MATH = YES;
				SDKROOT = iphoneos;
				SWIFT_COMPILATION_MODE = wholemodule;
				SWIFT_OPTIMIZATION_LEVEL = "-O";
				VALIDATE_PRODUCT = YES;
			};
			name = Release;
		};
		EB7FB44727F81F1200675CED /* Debug */ = {
			isa = XCBuildConfiguration;
			buildSettings = {
				ASSETCATALOG_COMPILER_APPICON_NAME = AppIcon;
				ASSETCATALOG_COMPILER_GLOBAL_ACCENT_COLOR_NAME = AccentColor;
				CODE_SIGN_STYLE = Automatic;
				CURRENT_PROJECT_VERSION = 1;
				DEVELOPMENT_TEAM = FY8N9XTH66;
				GENERATE_INFOPLIST_FILE = YES;
				INFOPLIST_FILE = "30th-SOPT-iOS-assignment/Info.plist";
				INFOPLIST_KEY_UIApplicationSupportsIndirectInputEvents = YES;
				INFOPLIST_KEY_UILaunchStoryboardName = LaunchScreen;
				INFOPLIST_KEY_UISupportedInterfaceOrientations_iPad = "UIInterfaceOrientationPortrait UIInterfaceOrientationPortraitUpsideDown UIInterfaceOrientationLandscapeLeft UIInterfaceOrientationLandscapeRight";
				INFOPLIST_KEY_UISupportedInterfaceOrientations_iPhone = "UIInterfaceOrientationPortrait UIInterfaceOrientationLandscapeLeft UIInterfaceOrientationLandscapeRight";
				LD_RUNPATH_SEARCH_PATHS = (
					"$(inherited)",
					"@executable_path/Frameworks",
				);
				MARKETING_VERSION = 1.0;
				PRODUCT_BUNDLE_IDENTIFIER = "com.seolagir.-0th-SOPT-iOS-assignment";
				PRODUCT_NAME = "$(TARGET_NAME)";
				SWIFT_EMIT_LOC_STRINGS = YES;
				SWIFT_VERSION = 5.0;
				TARGETED_DEVICE_FAMILY = "1,2";
			};
			name = Debug;
		};
		EB7FB44827F81F1200675CED /* Release */ = {
			isa = XCBuildConfiguration;
			buildSettings = {
				ASSETCATALOG_COMPILER_APPICON_NAME = AppIcon;
				ASSETCATALOG_COMPILER_GLOBAL_ACCENT_COLOR_NAME = AccentColor;
				CODE_SIGN_STYLE = Automatic;
				CURRENT_PROJECT_VERSION = 1;
				DEVELOPMENT_TEAM = FY8N9XTH66;
				GENERATE_INFOPLIST_FILE = YES;
				INFOPLIST_FILE = "30th-SOPT-iOS-assignment/Info.plist";
				INFOPLIST_KEY_UIApplicationSupportsIndirectInputEvents = YES;
				INFOPLIST_KEY_UILaunchStoryboardName = LaunchScreen;
				INFOPLIST_KEY_UISupportedInterfaceOrientations_iPad = "UIInterfaceOrientationPortrait UIInterfaceOrientationPortraitUpsideDown UIInterfaceOrientationLandscapeLeft UIInterfaceOrientationLandscapeRight";
				INFOPLIST_KEY_UISupportedInterfaceOrientations_iPhone = "UIInterfaceOrientationPortrait UIInterfaceOrientationLandscapeLeft UIInterfaceOrientationLandscapeRight";
				LD_RUNPATH_SEARCH_PATHS = (
					"$(inherited)",
					"@executable_path/Frameworks",
				);
				MARKETING_VERSION = 1.0;
				PRODUCT_BUNDLE_IDENTIFIER = "com.seolagir.-0th-SOPT-iOS-assignment";
				PRODUCT_NAME = "$(TARGET_NAME)";
				SWIFT_EMIT_LOC_STRINGS = YES;
				SWIFT_VERSION = 5.0;
				TARGETED_DEVICE_FAMILY = "1,2";
			};
			name = Release;
		};
/* End XCBuildConfiguration section */

/* Begin XCConfigurationList section */
		EB7FB42D27F81F1100675CED /* Build configuration list for PBXProject "30th-SOPT-iOS-assignment" */ = {
			isa = XCConfigurationList;
			buildConfigurations = (
				EB7FB44427F81F1200675CED /* Debug */,
				EB7FB44527F81F1200675CED /* Release */,
			);
			defaultConfigurationIsVisible = 0;
			defaultConfigurationName = Release;
		};
		EB7FB44627F81F1200675CED /* Build configuration list for PBXNativeTarget "30th-SOPT-iOS-assignment" */ = {
			isa = XCConfigurationList;
			buildConfigurations = (
				EB7FB44727F81F1200675CED /* Debug */,
				EB7FB44827F81F1200675CED /* Release */,
			);
			defaultConfigurationIsVisible = 0;
			defaultConfigurationName = Release;
		};
/* End XCConfigurationList section */

/* Begin XCRemoteSwiftPackageReference section */
		EB0BDAA12830A074003A9CD7 /* XCRemoteSwiftPackageReference "Alamofire" */ = {
			isa = XCRemoteSwiftPackageReference;
			repositoryURL = "https://github.com/Alamofire/Alamofire";
			requirement = {
				kind = upToNextMajorVersion;
				minimumVersion = 5.0.0;
			};
		};
		EBFEA38527FF736C003FADB7 /* XCRemoteSwiftPackageReference "RxSwift" */ = {
			isa = XCRemoteSwiftPackageReference;
			repositoryURL = "https://github.com/ReactiveX/RxSwift.git";
			requirement = {
				branch = main;
				kind = branch;
			};
		};
		EBFEA38C27FF737A003FADB7 /* XCRemoteSwiftPackageReference "SnapKit" */ = {
			isa = XCRemoteSwiftPackageReference;
			repositoryURL = "https://github.com/SnapKit/SnapKit.git";
			requirement = {
				kind = upToNextMajorVersion;
				minimumVersion = 5.0.0;
			};
		};
/* End XCRemoteSwiftPackageReference section */

/* Begin XCSwiftPackageProductDependency section */
		EB0BDAA22830A074003A9CD7 /* Alamofire */ = {
			isa = XCSwiftPackageProductDependency;
			package = EB0BDAA12830A074003A9CD7 /* XCRemoteSwiftPackageReference "Alamofire" */;
			productName = Alamofire;
		};
		EBFEA38627FF736C003FADB7 /* RxCocoa */ = {
			isa = XCSwiftPackageProductDependency;
			package = EBFEA38527FF736C003FADB7 /* XCRemoteSwiftPackageReference "RxSwift" */;
			productName = RxCocoa;
		};
		EBFEA38827FF736C003FADB7 /* RxRelay */ = {
			isa = XCSwiftPackageProductDependency;
			package = EBFEA38527FF736C003FADB7 /* XCRemoteSwiftPackageReference "RxSwift" */;
			productName = RxRelay;
		};
		EBFEA38A27FF736C003FADB7 /* RxSwift */ = {
			isa = XCSwiftPackageProductDependency;
			package = EBFEA38527FF736C003FADB7 /* XCRemoteSwiftPackageReference "RxSwift" */;
			productName = RxSwift;
		};
		EBFEA38D27FF737A003FADB7 /* SnapKit */ = {
			isa = XCSwiftPackageProductDependency;
			package = EBFEA38C27FF737A003FADB7 /* XCRemoteSwiftPackageReference "SnapKit" */;
			productName = SnapKit;
		};
/* End XCSwiftPackageProductDependency section */
	};
	rootObject = EB7FB42A27F81F1100675CED /* Project object */;
}
