// !$*UTF8*$!
{
	archiveVersion = 1;
	classes = {
	};
	objectVersion = 55;
	objects = {

/* Begin PBXBuildFile section */
		EB7FB43627F81F1100675CED /* AppDelegate.swift in Sources */ = {isa = PBXBuildFile; fileRef = EB7FB43527F81F1100675CED /* AppDelegate.swift */; };
		EB7FB43827F81F1100675CED /* SceneDelegate.swift in Sources */ = {isa = PBXBuildFile; fileRef = EB7FB43727F81F1100675CED /* SceneDelegate.swift */; };
		EB7FB43A27F81F1100675CED /* ViewController.swift in Sources */ = {isa = PBXBuildFile; fileRef = EB7FB43927F81F1100675CED /* ViewController.swift */; };
		EB7FB43D27F81F1100675CED /* Main.storyboard in Resources */ = {isa = PBXBuildFile; fileRef = EB7FB43B27F81F1100675CED /* Main.storyboard */; };
		EB7FB43F27F81F1200675CED /* Assets.xcassets in Resources */ = {isa = PBXBuildFile; fileRef = EB7FB43E27F81F1200675CED /* Assets.xcassets */; };
		EB7FB44227F81F1200675CED /* LaunchScreen.storyboard in Resources */ = {isa = PBXBuildFile; fileRef = EB7FB44027F81F1200675CED /* LaunchScreen.storyboard */; };
		EBFEA38727FF736C003FADB7 /* RxCocoa in Frameworks */ = {isa = PBXBuildFile; productRef = EBFEA38627FF736C003FADB7 /* RxCocoa */; };
		EBFEA38927FF736C003FADB7 /* RxRelay in Frameworks */ = {isa = PBXBuildFile; productRef = EBFEA38827FF736C003FADB7 /* RxRelay */; };
		EBFEA38B27FF736C003FADB7 /* RxSwift in Frameworks */ = {isa = PBXBuildFile; productRef = EBFEA38A27FF736C003FADB7 /* RxSwift */; };
		EBFEA38E27FF737A003FADB7 /* SnapKit in Frameworks */ = {isa = PBXBuildFile; productRef = EBFEA38D27FF737A003FADB7 /* SnapKit */; };
/* End PBXBuildFile section */

/* Begin PBXFileReference section */
		EB7FB43227F81F1100675CED /* 30th-SOPT-iOS-assignment.app */ = {isa = PBXFileReference; explicitFileType = wrapper.application; includeInIndex = 0; path = "30th-SOPT-iOS-assignment.app"; sourceTree = BUILT_PRODUCTS_DIR; };
		EB7FB43527F81F1100675CED /* AppDelegate.swift */ = {isa = PBXFileReference; lastKnownFileType = sourcecode.swift; path = AppDelegate.swift; sourceTree = "<group>"; };
		EB7FB43727F81F1100675CED /* SceneDelegate.swift */ = {isa = PBXFileReference; lastKnownFileType = sourcecode.swift; path = SceneDelegate.swift; sourceTree = "<group>"; };
		EB7FB43927F81F1100675CED /* ViewController.swift */ = {isa = PBXFileReference; lastKnownFileType = sourcecode.swift; path = ViewController.swift; sourceTree = "<group>"; };
		EB7FB43C27F81F1100675CED /* Base */ = {isa = PBXFileReference; lastKnownFileType = file.storyboard; name = Base; path = Base.lproj/Main.storyboard; sourceTree = "<group>"; };
		EB7FB43E27F81F1200675CED /* Assets.xcassets */ = {isa = PBXFileReference; lastKnownFileType = folder.assetcatalog; path = Assets.xcassets; sourceTree = "<group>"; };
		EB7FB44127F81F1200675CED /* Base */ = {isa = PBXFileReference; lastKnownFileType = file.storyboard; name = Base; path = Base.lproj/LaunchScreen.storyboard; sourceTree = "<group>"; };
		EB7FB44327F81F1200675CED /* Info.plist */ = {isa = PBXFileReference; lastKnownFileType = text.plist.xml; path = Info.plist; sourceTree = "<group>"; };
/* End PBXFileReference section */

/* Begin PBXFrameworksBuildPhase section */
		EB7FB42F27F81F1100675CED /* Frameworks */ = {
			isa = PBXFrameworksBuildPhase;
			buildActionMask = 2147483647;
			files = (
				EBFEA38B27FF736C003FADB7 /* RxSwift in Frameworks */,
				EBFEA38E27FF737A003FADB7 /* SnapKit in Frameworks */,
				EBFEA38927FF736C003FADB7 /* RxRelay in Frameworks */,
				EBFEA38727FF736C003FADB7 /* RxCocoa in Frameworks */,
			);
			runOnlyForDeploymentPostprocessing = 0;
		};
/* End PBXFrameworksBuildPhase section */

/* Begin PBXGroup section */
		EB7FB42927F81F1100675CED = {
			isa = PBXGroup;
			children = (
				EB7FB43427F81F1100675CED /* 30th-SOPT-iOS-assignment */,
				EB7FB43327F81F1100675CED /* Products */,
			);
			sourceTree = "<group>";
		};
		EB7FB43327F81F1100675CED /* Products */ = {
			isa = PBXGroup;
			children = (
				EB7FB43227F81F1100675CED /* 30th-SOPT-iOS-assignment.app */,
			);
			name = Products;
			sourceTree = "<group>";
		};
		EB7FB43427F81F1100675CED /* 30th-SOPT-iOS-assignment */ = {
			isa = PBXGroup;
			children = (
				EB7FB43527F81F1100675CED /* AppDelegate.swift */,
				EB7FB43727F81F1100675CED /* SceneDelegate.swift */,
				EB7FB43927F81F1100675CED /* ViewController.swift */,
				EB7FB43B27F81F1100675CED /* Main.storyboard */,
				EB7FB43E27F81F1200675CED /* Assets.xcassets */,
				EB7FB44027F81F1200675CED /* LaunchScreen.storyboard */,
				EB7FB44327F81F1200675CED /* Info.plist */,
			);
			path = "30th-SOPT-iOS-assignment";
			sourceTree = "<group>";
		};
/* End PBXGroup section */

/* Begin PBXNativeTarget section */
		EB7FB43127F81F1100675CED /* 30th-SOPT-iOS-assignment */ = {
			isa = PBXNativeTarget;
			buildConfigurationList = EB7FB44627F81F1200675CED /* Build configuration list for PBXNativeTarget "30th-SOPT-iOS-assignment" */;
			buildPhases = (
				EB7FB42E27F81F1100675CED /* Sources */,
				EB7FB42F27F81F1100675CED /* Frameworks */,
				EB7FB43027F81F1100675CED /* Resources */,
			);
			buildRules = (
			);
			dependencies = (
			);
			name = "30th-SOPT-iOS-assignment";
			packageProductDependencies = (
				EBFEA38627FF736C003FADB7 /* RxCocoa */,
				EBFEA38827FF736C003FADB7 /* RxRelay */,
				EBFEA38A27FF736C003FADB7 /* RxSwift */,
				EBFEA38D27FF737A003FADB7 /* SnapKit */,
			);
			productName = "30th-SOPT-iOS-assignment";
			productReference = EB7FB43227F81F1100675CED /* 30th-SOPT-iOS-assignment.app */;
			productType = "com.apple.product-type.application";
		};
/* End PBXNativeTarget section */

/* Begin PBXProject section */
		EB7FB42A27F81F1100675CED /* Project object */ = {
			isa = PBXProject;
			attributes = {
				BuildIndependentTargetsInParallel = 1;
				LastSwiftUpdateCheck = 1330;
				LastUpgradeCheck = 1330;
				TargetAttributes = {
					EB7FB43127F81F1100675CED = {
						CreatedOnToolsVersion = 13.3;
					};
				};
			};
			buildConfigurationList = EB7FB42D27F81F1100675CED /* Build configuration list for PBXProject "30th-SOPT-iOS-assignment" */;
			compatibilityVersion = "Xcode 13.0";
			developmentRegion = en;
			hasScannedForEncodings = 0;
			knownRegions = (
				en,
				Base,
			);
			mainGroup = EB7FB42927F81F1100675CED;
			packageReferences = (
				EBFEA38527FF736C003FADB7 /* XCRemoteSwiftPackageReference "RxSwift" */,
				EBFEA38C27FF737A003FADB7 /* XCRemoteSwiftPackageReference "SnapKit" */,
			);
			productRefGroup = EB7FB43327F81F1100675CED /* Products */;
			projectDirPath = "";
			projectRoot = "";
			targets = (
				EB7FB43127F81F1100675CED /* 30th-SOPT-iOS-assignment */,
			);
		};
/* End PBXProject section */

/* Begin PBXResourcesBuildPhase section */
		EB7FB43027F81F1100675CED /* Resources */ = {
			isa = PBXResourcesBuildPhase;
			buildActionMask = 2147483647;
			files = (
				EB7FB44227F81F1200675CED /* LaunchScreen.storyboard in Resources */,
				EB7FB43F27F81F1200675CED /* Assets.xcassets in Resources */,
				EB7FB43D27F81F1100675CED /* Main.storyboard in Resources */,
			);
			runOnlyForDeploymentPostprocessing = 0;
		};
/* End PBXResourcesBuildPhase section */

/* Begin PBXSourcesBuildPhase section */
		EB7FB42E27F81F1100675CED /* Sources */ = {
			isa = PBXSourcesBuildPhase;
			buildActionMask = 2147483647;
			files = (
				EB7FB43A27F81F1100675CED /* ViewController.swift in Sources */,
				EB7FB43627F81F1100675CED /* AppDelegate.swift in Sources */,
				EB7FB43827F81F1100675CED /* SceneDelegate.swift in Sources */,
			);
			runOnlyForDeploymentPostprocessing = 0;
		};
/* End PBXSourcesBuildPhase section */

/* Begin PBXVariantGroup section */
		EB7FB43B27F81F1100675CED /* Main.storyboard */ = {
			isa = PBXVariantGroup;
			children = (
				EB7FB43C27F81F1100675CED /* Base */,
			);
			name = Main.storyboard;
			sourceTree = "<group>";
		};
		EB7FB44027F81F1200675CED /* LaunchScreen.storyboard */ = {
			isa = PBXVariantGroup;
			children = (
				EB7FB44127F81F1200675CED /* Base */,
			);
			name = LaunchScreen.storyboard;
			sourceTree = "<group>";
		};
/* End PBXVariantGroup section */

/* Begin XCBuildConfiguration section */
		EB7FB44427F81F1200675CED /* Debug */ = {
			isa = XCBuildConfiguration;
			buildSettings = {
				ALWAYS_SEARCH_USER_PATHS = NO;
				CLANG_ANALYZER_NONNULL = YES;
				CLANG_ANALYZER_NUMBER_OBJECT_CONVERSION = YES_AGGRESSIVE;
				CLANG_CXX_LANGUAGE_STANDARD = "gnu++17";
				CLANG_ENABLE_MODULES = YES;
				CLANG_ENABLE_OBJC_ARC = YES;
				CLANG_ENABLE_OBJC_WEAK = YES;
				CLANG_WARN_BLOCK_CAPTURE_AUTORELEASING = YES;
				CLANG_WARN_BOOL_CONVERSION = YES;
				CLANG_WARN_COMMA = YES;
				CLANG_WARN_CONSTANT_CONVERSION = YES;
				CLANG_WARN_DEPRECATED_OBJC_IMPLEMENTATIONS = YES;
				CLANG_WARN_DIRECT_OBJC_ISA_USAGE = YES_ERROR;
				CLANG_WARN_DOCUMENTATION_COMMENTS = YES;
				CLANG_WARN_EMPTY_BODY = YES;
				CLANG_WARN_ENUM_CONVERSION = YES;
				CLANG_WARN_INFINITE_RECURSION = YES;
				CLANG_WARN_INT_CONVERSION = YES;
				CLANG_WARN_NON_LITERAL_NULL_CONVERSION = YES;
				CLANG_WARN_OBJC_IMPLICIT_RETAIN_SELF = YES;
				CLANG_WARN_OBJC_LITERAL_CONVERSION = YES;
				CLANG_WARN_OBJC_ROOT_CLASS = YES_ERROR;
				CLANG_WARN_QUOTED_INCLUDE_IN_FRAMEWORK_HEADER = YES;
				CLANG_WARN_RANGE_LOOP_ANALYSIS = YES;
				CLANG_WARN_STRICT_PROTOTYPES = YES;
				CLANG_WARN_SUSPICIOUS_MOVE = YES;
				CLANG_WARN_UNGUARDED_AVAILABILITY = YES_AGGRESSIVE;
				CLANG_WARN_UNREACHABLE_CODE = YES;
				CLANG_WARN__DUPLICATE_METHOD_MATCH = YES;
				COPY_PHASE_STRIP = NO;
				DEBUG_INFORMATION_FORMAT = dwarf;
				ENABLE_STRICT_OBJC_MSGSEND = YES;
				ENABLE_TESTABILITY = YES;
				GCC_C_LANGUAGE_STANDARD = gnu11;
				GCC_DYNAMIC_NO_PIC = NO;
				GCC_NO_COMMON_BLOCKS = YES;
				GCC_OPTIMIZATION_LEVEL = 0;
				GCC_PREPROCESSOR_DEFINITIONS = (
					"DEBUG=1",
					"$(inherited)",
				);
				GCC_WARN_64_TO_32_BIT_CONVERSION = YES;
				GCC_WARN_ABOUT_RETURN_TYPE = YES_ERROR;
				GCC_WARN_UNDECLARED_SELECTOR = YES;
				GCC_WARN_UNINITIALIZED_AUTOS = YES_AGGRESSIVE;
				GCC_WARN_UNUSED_FUNCTION = YES;
				GCC_WARN_UNUSED_VARIABLE = YES;
				IPHONEOS_DEPLOYMENT_TARGET = 15.4;
				MTL_ENABLE_DEBUG_INFO = INCLUDE_SOURCE;
				MTL_FAST_MATH = YES;
				ONLY_ACTIVE_ARCH = YES;
				SDKROOT = iphoneos;
				SWIFT_ACTIVE_COMPILATION_CONDITIONS = DEBUG;
				SWIFT_OPTIMIZATION_LEVEL = "-Onone";
			};
			name = Debug;
		};
		EB7FB44527F81F1200675CED /* Release */ = {
			isa = XCBuildConfiguration;
			buildSettings = {
				ALWAYS_SEARCH_USER_PATHS = NO;
				CLANG_ANALYZER_NONNULL = YES;
				CLANG_ANALYZER_NUMBER_OBJECT_CONVERSION = YES_AGGRESSIVE;
				CLANG_CXX_LANGUAGE_STANDARD = "gnu++17";
				CLANG_ENABLE_MODULES = YES;
				CLANG_ENABLE_OBJC_ARC = YES;
				CLANG_ENABLE_OBJC_WEAK = YES;
				CLANG_WARN_BLOCK_CAPTURE_AUTORELEASING = YES;
				CLANG_WARN_BOOL_CONVERSION = YES;
				CLANG_WARN_COMMA = YES;
				CLANG_WARN_CONSTANT_CONVERSION = YES;
				CLANG_WARN_DEPRECATED_OBJC_IMPLEMENTATIONS = YES;
				CLANG_WARN_DIRECT_OBJC_ISA_USAGE = YES_ERROR;
				CLANG_WARN_DOCUMENTATION_COMMENTS = YES;
				CLANG_WARN_EMPTY_BODY = YES;
				CLANG_WARN_ENUM_CONVERSION = YES;
				CLANG_WARN_INFINITE_RECURSION = YES;
				CLANG_WARN_INT_CONVERSION = YES;
				CLANG_WARN_NON_LITERAL_NULL_CONVERSION = YES;
				CLANG_WARN_OBJC_IMPLICIT_RETAIN_SELF = YES;
				CLANG_WARN_OBJC_LITERAL_CONVERSION = YES;
				CLANG_WARN_OBJC_ROOT_CLASS = YES_ERROR;
				CLANG_WARN_QUOTED_INCLUDE_IN_FRAMEWORK_HEADER = YES;
				CLANG_WARN_RANGE_LOOP_ANALYSIS = YES;
				CLANG_WARN_STRICT_PROTOTYPES = YES;
				CLANG_WARN_SUSPICIOUS_MOVE = YES;
				CLANG_WARN_UNGUARDED_AVAILABILITY = YES_AGGRESSIVE;
				CLANG_WARN_UNREACHABLE_CODE = YES;
				CLANG_WARN__DUPLICATE_METHOD_MATCH = YES;
				COPY_PHASE_STRIP = NO;
				DEBUG_INFORMATION_FORMAT = "dwarf-with-dsym";
				ENABLE_NS_ASSERTIONS = NO;
				ENABLE_STRICT_OBJC_MSGSEND = YES;
				GCC_C_LANGUAGE_STANDARD = gnu11;
				GCC_NO_COMMON_BLOCKS = YES;
				GCC_WARN_64_TO_32_BIT_CONVERSION = YES;
				GCC_WARN_ABOUT_RETURN_TYPE = YES_ERROR;
				GCC_WARN_UNDECLARED_SELECTOR = YES;
				GCC_WARN_UNINITIALIZED_AUTOS = YES_AGGRESSIVE;
				GCC_WARN_UNUSED_FUNCTION = YES;
				GCC_WARN_UNUSED_VARIABLE = YES;
				IPHONEOS_DEPLOYMENT_TARGET = 15.4;
				MTL_ENABLE_DEBUG_INFO = NO;
				MTL_FAST_MATH = YES;
				SDKROOT = iphoneos;
				SWIFT_COMPILATION_MODE = wholemodule;
				SWIFT_OPTIMIZATION_LEVEL = "-O";
				VALIDATE_PRODUCT = YES;
			};
			name = Release;
		};
		EB7FB44727F81F1200675CED /* Debug */ = {
			isa = XCBuildConfiguration;
			buildSettings = {
				ASSETCATALOG_COMPILER_APPICON_NAME = AppIcon;
				ASSETCATALOG_COMPILER_GLOBAL_ACCENT_COLOR_NAME = AccentColor;
				CODE_SIGN_STYLE = Automatic;
				CURRENT_PROJECT_VERSION = 1;
				DEVELOPMENT_TEAM = FY8N9XTH66;
				GENERATE_INFOPLIST_FILE = YES;
				INFOPLIST_FILE = "30th-SOPT-iOS-assignment/Info.plist";
				INFOPLIST_KEY_UIApplicationSupportsIndirectInputEvents = YES;
				INFOPLIST_KEY_UILaunchStoryboardName = LaunchScreen;
				INFOPLIST_KEY_UIMainStoryboardFile = Main;
				INFOPLIST_KEY_UISupportedInterfaceOrientations_iPad = "UIInterfaceOrientationPortrait UIInterfaceOrientationPortraitUpsideDown UIInterfaceOrientationLandscapeLeft UIInterfaceOrientationLandscapeRight";
				INFOPLIST_KEY_UISupportedInterfaceOrientations_iPhone = "UIInterfaceOrientationPortrait UIInterfaceOrientationLandscapeLeft UIInterfaceOrientationLandscapeRight";
				LD_RUNPATH_SEARCH_PATHS = (
					"$(inherited)",
					"@executable_path/Frameworks",
				);
				MARKETING_VERSION = 1.0;
				PRODUCT_BUNDLE_IDENTIFIER = "com.seolagir.-0th-SOPT-iOS-assignment";
				PRODUCT_NAME = "$(TARGET_NAME)";
				SWIFT_EMIT_LOC_STRINGS = YES;
				SWIFT_VERSION = 5.0;
				TARGETED_DEVICE_FAMILY = "1,2";
			};
			name = Debug;
		};
		EB7FB44827F81F1200675CED /* Release */ = {
			isa = XCBuildConfiguration;
			buildSettings = {
				ASSETCATALOG_COMPILER_APPICON_NAME = AppIcon;
				ASSETCATALOG_COMPILER_GLOBAL_ACCENT_COLOR_NAME = AccentColor;
				CODE_SIGN_STYLE = Automatic;
				CURRENT_PROJECT_VERSION = 1;
				DEVELOPMENT_TEAM = FY8N9XTH66;
				GENERATE_INFOPLIST_FILE = YES;
				INFOPLIST_FILE = "30th-SOPT-iOS-assignment/Info.plist";
				INFOPLIST_KEY_UIApplicationSupportsIndirectInputEvents = YES;
				INFOPLIST_KEY_UILaunchStoryboardName = LaunchScreen;
				INFOPLIST_KEY_UIMainStoryboardFile = Main;
				INFOPLIST_KEY_UISupportedInterfaceOrientations_iPad = "UIInterfaceOrientationPortrait UIInterfaceOrientationPortraitUpsideDown UIInterfaceOrientationLandscapeLeft UIInterfaceOrientationLandscapeRight";
				INFOPLIST_KEY_UISupportedInterfaceOrientations_iPhone = "UIInterfaceOrientationPortrait UIInterfaceOrientationLandscapeLeft UIInterfaceOrientationLandscapeRight";
				LD_RUNPATH_SEARCH_PATHS = (
					"$(inherited)",
					"@executable_path/Frameworks",
				);
				MARKETING_VERSION = 1.0;
				PRODUCT_BUNDLE_IDENTIFIER = "com.seolagir.-0th-SOPT-iOS-assignment";
				PRODUCT_NAME = "$(TARGET_NAME)";
				SWIFT_EMIT_LOC_STRINGS = YES;
				SWIFT_VERSION = 5.0;
				TARGETED_DEVICE_FAMILY = "1,2";
			};
			name = Release;
		};
/* End XCBuildConfiguration section */

/* Begin XCConfigurationList section */
		EB7FB42D27F81F1100675CED /* Build configuration list for PBXProject "30th-SOPT-iOS-assignment" */ = {
			isa = XCConfigurationList;
			buildConfigurations = (
				EB7FB44427F81F1200675CED /* Debug */,
				EB7FB44527F81F1200675CED /* Release */,
			);
			defaultConfigurationIsVisible = 0;
			defaultConfigurationName = Release;
		};
		EB7FB44627F81F1200675CED /* Build configuration list for PBXNativeTarget "30th-SOPT-iOS-assignment" */ = {
			isa = XCConfigurationList;
			buildConfigurations = (
				EB7FB44727F81F1200675CED /* Debug */,
				EB7FB44827F81F1200675CED /* Release */,
			);
			defaultConfigurationIsVisible = 0;
			defaultConfigurationName = Release;
		};
/* End XCConfigurationList section */

/* Begin XCRemoteSwiftPackageReference section */
		EBFEA38527FF736C003FADB7 /* XCRemoteSwiftPackageReference "RxSwift" */ = {
			isa = XCRemoteSwiftPackageReference;
			repositoryURL = "https://github.com/ReactiveX/RxSwift.git";
			requirement = {
				branch = main;
				kind = branch;
			};
		};
		EBFEA38C27FF737A003FADB7 /* XCRemoteSwiftPackageReference "SnapKit" */ = {
			isa = XCRemoteSwiftPackageReference;
			repositoryURL = "https://github.com/SnapKit/SnapKit.git";
			requirement = {
				kind = upToNextMajorVersion;
				minimumVersion = 5.0.0;
			};
		};
/* End XCRemoteSwiftPackageReference section */

/* Begin XCSwiftPackageProductDependency section */
		EBFEA38627FF736C003FADB7 /* RxCocoa */ = {
			isa = XCSwiftPackageProductDependency;
			package = EBFEA38527FF736C003FADB7 /* XCRemoteSwiftPackageReference "RxSwift" */;
			productName = RxCocoa;
		};
		EBFEA38827FF736C003FADB7 /* RxRelay */ = {
			isa = XCSwiftPackageProductDependency;
			package = EBFEA38527FF736C003FADB7 /* XCRemoteSwiftPackageReference "RxSwift" */;
			productName = RxRelay;
		};
		EBFEA38A27FF736C003FADB7 /* RxSwift */ = {
			isa = XCSwiftPackageProductDependency;
			package = EBFEA38527FF736C003FADB7 /* XCRemoteSwiftPackageReference "RxSwift" */;
			productName = RxSwift;
		};
		EBFEA38D27FF737A003FADB7 /* SnapKit */ = {
			isa = XCSwiftPackageProductDependency;
			package = EBFEA38C27FF737A003FADB7 /* XCRemoteSwiftPackageReference "SnapKit" */;
			productName = SnapKit;
		};
/* End XCSwiftPackageProductDependency section */
	};
	rootObject = EB7FB42A27F81F1100675CED /* Project object */;
}
